
Microsoft Visual Studio Solution File, Format Version 12.00
Project("{FAE04EC0-301F-11D3-BF4B-00C04F79EFBC}") = "CodeWars", "CodeWars\CodeWars.csproj", "{B4714164-7F2A-4E88-9B9D-F38E27AA23EC}"
EndProject
Global
	GlobalSection(SolutionConfigurationPlatforms) = preSolution
		Debug|Any CPU = Debug|Any CPU
		Release|Any CPU = Release|Any CPU
	EndGlobalSection
	GlobalSection(ProjectConfigurationPlatforms) = postSolution
		{B4714164-7F2A-4E88-9B9D-F38E27AA23EC}.Debug|Any CPU.ActiveCfg = Debug|Any CPU
		{B4714164-7F2A-4E88-9B9D-F38E27AA23EC}.Debug|Any CPU.Build.0 = Debug|Any CPU
		{B4714164-7F2A-4E88-9B9D-F38E27AA23EC}.Release|Any CPU.ActiveCfg = Release|Any CPU
		{B4714164-7F2A-4E88-9B9D-F38E27AA23EC}.Release|Any CPU.Build.0 = Release|Any CPU
	EndGlobalSection
EndGlobal
